// !$*UTF8*$!
{
	archiveVersion = 1;
	classes = {
	};
	objectVersion = 50;
	objects = {

/* Begin PBXBuildFile section */
		079435412220E27200EE0609 /* AppDelegate.swift in Sources */ = {isa = PBXBuildFile; fileRef = 079435402220E27200EE0609 /* AppDelegate.swift */; };
		079435432220E27200EE0609 /* ViewController.swift in Sources */ = {isa = PBXBuildFile; fileRef = 079435422220E27200EE0609 /* ViewController.swift */; };
		079435462220E27200EE0609 /* Main.storyboard in Resources */ = {isa = PBXBuildFile; fileRef = 079435442220E27200EE0609 /* Main.storyboard */; };
		079435482220E27300EE0609 /* Assets.xcassets in Resources */ = {isa = PBXBuildFile; fileRef = 079435472220E27300EE0609 /* Assets.xcassets */; };
		0794354B2220E27300EE0609 /* LaunchScreen.storyboard in Resources */ = {isa = PBXBuildFile; fileRef = 079435492220E27300EE0609 /* LaunchScreen.storyboard */; };
		079435532220E43E00EE0609 /* LoginViewController.swift in Sources */ = {isa = PBXBuildFile; fileRef = 079435522220E43E00EE0609 /* LoginViewController.swift */; };
		079435552220E44600EE0609 /* RegisterViewController.swift in Sources */ = {isa = PBXBuildFile; fileRef = 079435542220E44600EE0609 /* RegisterViewController.swift */; };
		079435582220E62400EE0609 /* KeychainConfiguration.swift in Sources */ = {isa = PBXBuildFile; fileRef = 079435572220E62400EE0609 /* KeychainConfiguration.swift */; };
		0794355A2220E62D00EE0609 /* KeychainPasswordItem.swift in Sources */ = {isa = PBXBuildFile; fileRef = 079435592220E62D00EE0609 /* KeychainPasswordItem.swift */; };
/* End PBXBuildFile section */

/* Begin PBXFileReference section */
		0794353D2220E27200EE0609 /* iOSSecurityDemo.app */ = {isa = PBXFileReference; explicitFileType = wrapper.application; includeInIndex = 0; path = iOSSecurityDemo.app; sourceTree = BUILT_PRODUCTS_DIR; };
		079435402220E27200EE0609 /* AppDelegate.swift */ = {isa = PBXFileReference; lastKnownFileType = sourcecode.swift; path = AppDelegate.swift; sourceTree = "<group>"; };
		079435422220E27200EE0609 /* ViewController.swift */ = {isa = PBXFileReference; lastKnownFileType = sourcecode.swift; path = ViewController.swift; sourceTree = "<group>"; };
		079435452220E27200EE0609 /* Base */ = {isa = PBXFileReference; lastKnownFileType = file.storyboard; name = Base; path = Base.lproj/Main.storyboard; sourceTree = "<group>"; };
		079435472220E27300EE0609 /* Assets.xcassets */ = {isa = PBXFileReference; lastKnownFileType = folder.assetcatalog; path = Assets.xcassets; sourceTree = "<group>"; };
		0794354A2220E27300EE0609 /* Base */ = {isa = PBXFileReference; lastKnownFileType = file.storyboard; name = Base; path = Base.lproj/LaunchScreen.storyboard; sourceTree = "<group>"; };
		0794354C2220E27300EE0609 /* Info.plist */ = {isa = PBXFileReference; lastKnownFileType = text.plist.xml; path = Info.plist; sourceTree = "<group>"; };
		079435522220E43E00EE0609 /* LoginViewController.swift */ = {isa = PBXFileReference; lastKnownFileType = sourcecode.swift; path = LoginViewController.swift; sourceTree = "<group>"; };
		079435542220E44600EE0609 /* RegisterViewController.swift */ = {isa = PBXFileReference; lastKnownFileType = sourcecode.swift; path = RegisterViewController.swift; sourceTree = "<group>"; };
		079435572220E62400EE0609 /* KeychainConfiguration.swift */ = {isa = PBXFileReference; fileEncoding = 4; lastKnownFileType = sourcecode.swift; path = KeychainConfiguration.swift; sourceTree = "<group>"; };
		079435592220E62D00EE0609 /* KeychainPasswordItem.swift */ = {isa = PBXFileReference; fileEncoding = 4; lastKnownFileType = sourcecode.swift; path = KeychainPasswordItem.swift; sourceTree = "<group>"; };
/* End PBXFileReference section */

/* Begin PBXFrameworksBuildPhase section */
		0794353A2220E27200EE0609 /* Frameworks */ = {
			isa = PBXFrameworksBuildPhase;
			buildActionMask = 2147483647;
			files = (
			);
			runOnlyForDeploymentPostprocessing = 0;
		};
/* End PBXFrameworksBuildPhase section */

/* Begin PBXGroup section */
		079435342220E27200EE0609 = {
			isa = PBXGroup;
			children = (
				0794353F2220E27200EE0609 /* iOSSecurityDemo */,
				0794353E2220E27200EE0609 /* Products */,
			);
			sourceTree = "<group>";
		};
		0794353E2220E27200EE0609 /* Products */ = {
			isa = PBXGroup;
			children = (
				0794353D2220E27200EE0609 /* iOSSecurityDemo.app */,
			);
			name = Products;
			sourceTree = "<group>";
		};
		0794353F2220E27200EE0609 /* iOSSecurityDemo */ = {
			isa = PBXGroup;
			children = (
				079435562220E60F00EE0609 /* Keychain */,
				079435402220E27200EE0609 /* AppDelegate.swift */,
				079435422220E27200EE0609 /* ViewController.swift */,
				079435522220E43E00EE0609 /* LoginViewController.swift */,
				079435542220E44600EE0609 /* RegisterViewController.swift */,
				079435442220E27200EE0609 /* Main.storyboard */,
				079435472220E27300EE0609 /* Assets.xcassets */,
				079435492220E27300EE0609 /* LaunchScreen.storyboard */,
				0794354C2220E27300EE0609 /* Info.plist */,
			);
			path = iOSSecurityDemo;
			sourceTree = "<group>";
		};
		079435562220E60F00EE0609 /* Keychain */ = {
			isa = PBXGroup;
			children = (
				079435572220E62400EE0609 /* KeychainConfiguration.swift */,
				079435592220E62D00EE0609 /* KeychainPasswordItem.swift */,
			);
			path = Keychain;
			sourceTree = "<group>";
		};
/* End PBXGroup section */

/* Begin PBXNativeTarget section */
		0794353C2220E27200EE0609 /* iOSSecurityDemo */ = {
			isa = PBXNativeTarget;
			buildConfigurationList = 0794354F2220E27300EE0609 /* Build configuration list for PBXNativeTarget "iOSSecurityDemo" */;
			buildPhases = (
				079435392220E27200EE0609 /* Sources */,
				0794353A2220E27200EE0609 /* Frameworks */,
				0794353B2220E27200EE0609 /* Resources */,
			);
			buildRules = (
			);
			dependencies = (
			);
			name = iOSSecurityDemo;
			productName = iOSSecurityDemo;
			productReference = 0794353D2220E27200EE0609 /* iOSSecurityDemo.app */;
			productType = "com.apple.product-type.application";
		};
/* End PBXNativeTarget section */

/* Begin PBXProject section */
		079435352220E27200EE0609 /* Project object */ = {
			isa = PBXProject;
			attributes = {
				LastSwiftUpdateCheck = 1010;
				LastUpgradeCheck = 1010;
				ORGANIZATIONNAME = "Chhaileng Peng";
				TargetAttributes = {
					0794353C2220E27200EE0609 = {
						CreatedOnToolsVersion = 10.1;
					};
				};
			};
			buildConfigurationList = 079435382220E27200EE0609 /* Build configuration list for PBXProject "iOSSecurityDemo" */;
			compatibilityVersion = "Xcode 9.3";
			developmentRegion = en;
			hasScannedForEncodings = 0;
			knownRegions = (
				en,
				Base,
			);
			mainGroup = 079435342220E27200EE0609;
			productRefGroup = 0794353E2220E27200EE0609 /* Products */;
			projectDirPath = "";
			projectRoot = "";
			targets = (
				0794353C2220E27200EE0609 /* iOSSecurityDemo */,
			);
		};
/* End PBXProject section */

/* Begin PBXResourcesBuildPhase section */
		0794353B2220E27200EE0609 /* Resources */ = {
			isa = PBXResourcesBuildPhase;
			buildActionMask = 2147483647;
			files = (
				0794354B2220E27300EE0609 /* LaunchScreen.storyboard in Resources */,
				079435482220E27300EE0609 /* Assets.xcassets in Resources */,
				079435462220E27200EE0609 /* Main.storyboard in Resources */,
			);
			runOnlyForDeploymentPostprocessing = 0;
		};
/* End PBXResourcesBuildPhase section */

/* Begin PBXSourcesBuildPhase section */
		079435392220E27200EE0609 /* Sources */ = {
			isa = PBXSourcesBuildPhase;
			buildActionMask = 2147483647;
			files = (
				079435532220E43E00EE0609 /* LoginViewController.swift in Sources */,
				079435432220E27200EE0609 /* ViewController.swift in Sources */,
				079435412220E27200EE0609 /* AppDelegate.swift in Sources */,
				079435552220E44600EE0609 /* RegisterViewController.swift in Sources */,
				079435582220E62400EE0609 /* KeychainConfiguration.swift in Sources */,
				0794355A2220E62D00EE0609 /* KeychainPasswordItem.swift in Sources */,
			);
			runOnlyForDeploymentPostprocessing = 0;
		};
/* End PBXSourcesBuildPhase section */

/* Begin PBXVariantGroup section */
		079435442220E27200EE0609 /* Main.storyboard */ = {
			isa = PBXVariantGroup;
			children = (
				079435452220E27200EE0609 /* Base */,
			);
			name = Main.storyboard;
			sourceTree = "<group>";
		};
		079435492220E27300EE0609 /* LaunchScreen.storyboard */ = {
			isa = PBXVariantGroup;
			children = (
				0794354A2220E27300EE0609 /* Base */,
			);
			name = LaunchScreen.storyboard;
			sourceTree = "<group>";
		};
/* End PBXVariantGroup section */

/* Begin XCBuildConfiguration section */
		0794354D2220E27300EE0609 /* Debug */ = {
			isa = XCBuildConfiguration;
			buildSettings = {
				ALWAYS_SEARCH_USER_PATHS = NO;
				CLANG_ANALYZER_NONNULL = YES;
				CLANG_ANALYZER_NUMBER_OBJECT_CONVERSION = YES_AGGRESSIVE;
				CLANG_CXX_LANGUAGE_STANDARD = "gnu++14";
				CLANG_CXX_LIBRARY = "libc++";
				CLANG_ENABLE_MODULES = YES;
				CLANG_ENABLE_OBJC_ARC = YES;
				CLANG_ENABLE_OBJC_WEAK = YES;
				CLANG_WARN_BLOCK_CAPTURE_AUTORELEASING = YES;
				CLANG_WARN_BOOL_CONVERSION = YES;
				CLANG_WARN_COMMA = YES;
				CLANG_WARN_CONSTANT_CONVERSION = YES;
				CLANG_WARN_DEPRECATED_OBJC_IMPLEMENTATIONS = YES;
				CLANG_WARN_DIRECT_OBJC_ISA_USAGE = YES_ERROR;
				CLANG_WARN_DOCUMENTATION_COMMENTS = YES;
				CLANG_WARN_EMPTY_BODY = YES;
				CLANG_WARN_ENUM_CONVERSION = YES;
				CLANG_WARN_INFINITE_RECURSION = YES;
				CLANG_WARN_INT_CONVERSION = YES;
				CLANG_WARN_NON_LITERAL_NULL_CONVERSION = YES;
				CLANG_WARN_OBJC_IMPLICIT_RETAIN_SELF = YES;
				CLANG_WARN_OBJC_LITERAL_CONVERSION = YES;
				CLANG_WARN_OBJC_ROOT_CLASS = YES_ERROR;
				CLANG_WARN_RANGE_LOOP_ANALYSIS = YES;
				CLANG_WARN_STRICT_PROTOTYPES = YES;
				CLANG_WARN_SUSPICIOUS_MOVE = YES;
				CLANG_WARN_UNGUARDED_AVAILABILITY = YES_AGGRESSIVE;
				CLANG_WARN_UNREACHABLE_CODE = YES;
				CLANG_WARN__DUPLICATE_METHOD_MATCH = YES;
				CODE_SIGN_IDENTITY = "iPhone Developer";
				COPY_PHASE_STRIP = NO;
				DEBUG_INFORMATION_FORMAT = dwarf;
				ENABLE_STRICT_OBJC_MSGSEND = YES;
				ENABLE_TESTABILITY = YES;
				GCC_C_LANGUAGE_STANDARD = gnu11;
				GCC_DYNAMIC_NO_PIC = NO;
				GCC_NO_COMMON_BLOCKS = YES;
				GCC_OPTIMIZATION_LEVEL = 0;
				GCC_PREPROCESSOR_DEFINITIONS = (
					"DEBUG=1",
					"$(inherited)",
				);
				GCC_WARN_64_TO_32_BIT_CONVERSION = YES;
				GCC_WARN_ABOUT_RETURN_TYPE = YES_ERROR;
				GCC_WARN_UNDECLARED_SELECTOR = YES;
				GCC_WARN_UNINITIALIZED_AUTOS = YES_AGGRESSIVE;
				GCC_WARN_UNUSED_FUNCTION = YES;
				GCC_WARN_UNUSED_VARIABLE = YES;
				IPHONEOS_DEPLOYMENT_TARGET = 12.1;
				MTL_ENABLE_DEBUG_INFO = INCLUDE_SOURCE;
				MTL_FAST_MATH = YES;
				ONLY_ACTIVE_ARCH = YES;
				SDKROOT = iphoneos;
				SWIFT_ACTIVE_COMPILATION_CONDITIONS = DEBUG;
				SWIFT_OPTIMIZATION_LEVEL = "-Onone";
			};
			name = Debug;
		};
		0794354E2220E27300EE0609 /* Release */ = {
			isa = XCBuildConfiguration;
			buildSettings = {
				ALWAYS_SEARCH_USER_PATHS = NO;
				CLANG_ANALYZER_NONNULL = YES;
				CLANG_ANALYZER_NUMBER_OBJECT_CONVERSION = YES_AGGRESSIVE;
				CLANG_CXX_LANGUAGE_STANDARD = "gnu++14";
				CLANG_CXX_LIBRARY = "libc++";
				CLANG_ENABLE_MODULES = YES;
				CLANG_ENABLE_OBJC_ARC = YES;
				CLANG_ENABLE_OBJC_WEAK = YES;
				CLANG_WARN_BLOCK_CAPTURE_AUTORELEASING = YES;
				CLANG_WARN_BOOL_CONVERSION = YES;
				CLANG_WARN_COMMA = YES;
				CLANG_WARN_CONSTANT_CONVERSION = YES;
				CLANG_WARN_DEPRECATED_OBJC_IMPLEMENTATIONS = YES;
				CLANG_WARN_DIRECT_OBJC_ISA_USAGE = YES_ERROR;
				CLANG_WARN_DOCUMENTATION_COMMENTS = YES;
				CLANG_WARN_EMPTY_BODY = YES;
				CLANG_WARN_ENUM_CONVERSION = YES;
				CLANG_WARN_INFINITE_RECURSION = YES;
				CLANG_WARN_INT_CONVERSION = YES;
				CLANG_WARN_NON_LITERAL_NULL_CONVERSION = YES;
				CLANG_WARN_OBJC_IMPLICIT_RETAIN_SELF = YES;
				CLANG_WARN_OBJC_LITERAL_CONVERSION = YES;
				CLANG_WARN_OBJC_ROOT_CLASS = YES_ERROR;
				CLANG_WARN_RANGE_LOOP_ANALYSIS = YES;
				CLANG_WARN_STRICT_PROTOTYPES = YES;
				CLANG_WARN_SUSPICIOUS_MOVE = YES;
				CLANG_WARN_UNGUARDED_AVAILABILITY = YES_AGGRESSIVE;
				CLANG_WARN_UNREACHABLE_CODE = YES;
				CLANG_WARN__DUPLICATE_METHOD_MATCH = YES;
				CODE_SIGN_IDENTITY = "iPhone Developer";
				COPY_PHASE_STRIP = NO;
				DEBUG_INFORMATION_FORMAT = "dwarf-with-dsym";
				ENABLE_NS_ASSERTIONS = NO;
				ENABLE_STRICT_OBJC_MSGSEND = YES;
				GCC_C_LANGUAGE_STANDARD = gnu11;
				GCC_NO_COMMON_BLOCKS = YES;
				GCC_WARN_64_TO_32_BIT_CONVERSION = YES;
				GCC_WARN_ABOUT_RETURN_TYPE = YES_ERROR;
				GCC_WARN_UNDECLARED_SELECTOR = YES;
				GCC_WARN_UNINITIALIZED_AUTOS = YES_AGGRESSIVE;
				GCC_WARN_UNUSED_FUNCTION = YES;
				GCC_WARN_UNUSED_VARIABLE = YES;
				IPHONEOS_DEPLOYMENT_TARGET = 12.1;
				MTL_ENABLE_DEBUG_INFO = NO;
				MTL_FAST_MATH = YES;
				SDKROOT = iphoneos;
				SWIFT_COMPILATION_MODE = wholemodule;
				SWIFT_OPTIMIZATION_LEVEL = "-O";
				VALIDATE_PRODUCT = YES;
			};
			name = Release;
		};
		079435502220E27300EE0609 /* Debug */ = {
			isa = XCBuildConfiguration;
			buildSettings = {
				ASSETCATALOG_COMPILER_APPICON_NAME = AppIcon;
				CODE_SIGN_STYLE = Automatic;
				DEVELOPMENT_TEAM = U7EHSN2Z7Y;
				INFOPLIST_FILE = iOSSecurityDemo/Info.plist;
				LD_RUNPATH_SEARCH_PATHS = (
					"$(inherited)",
					"@executable_path/Frameworks",
				);
				PRODUCT_BUNDLE_IDENTIFIER = com.chhaileng.iOSSecurityDemo;
				PRODUCT_NAME = "$(TARGET_NAME)";
				SWIFT_VERSION = 4.2;
				TARGETED_DEVICE_FAMILY = "1,2";
			};
			name = Debug;
		};
		079435512220E27300EE0609 /* Release */ = {
			isa = XCBuildConfiguration;
			buildSettings = {
				ASSETCATALOG_COMPILER_APPICON_NAME = AppIcon;
				CODE_SIGN_STYLE = Automatic;
				DEVELOPMENT_TEAM = U7EHSN2Z7Y;
				INFOPLIST_FILE = iOSSecurityDemo/Info.plist;
				LD_RUNPATH_SEARCH_PATHS = (
					"$(inherited)",
					"@executable_path/Frameworks",
				);
				PRODUCT_BUNDLE_IDENTIFIER = com.chhaileng.iOSSecurityDemo;
				PRODUCT_NAME = "$(TARGET_NAME)";
				SWIFT_VERSION = 4.2;
				TARGETED_DEVICE_FAMILY = "1,2";
			};
			name = Release;
		};
/* End XCBuildConfiguration section */

/* Begin XCConfigurationList section */
		079435382220E27200EE0609 /* Build configuration list for PBXProject "iOSSecurityDemo" */ = {
			isa = XCConfigurationList;
			buildConfigurations = (
				0794354D2220E27300EE0609 /* Debug */,
				0794354E2220E27300EE0609 /* Release */,
			);
			defaultConfigurationIsVisible = 0;
			defaultConfigurationName = Release;
		};
		0794354F2220E27300EE0609 /* Build configuration list for PBXNativeTarget "iOSSecurityDemo" */ = {
			isa = XCConfigurationList;
			buildConfigurations = (
				079435502220E27300EE0609 /* Debug */,
				079435512220E27300EE0609 /* Release */,
			);
			defaultConfigurationIsVisible = 0;
			defaultConfigurationName = Release;
		};
/* End XCConfigurationList section */
	};
	rootObject = 079435352220E27200EE0609 /* Project object */;
}
